
Microsoft Visual Studio Solution File, Format Version 12.00
# Visual Studio 15
VisualStudioVersion = 15.0.26430.16
MinimumVisualStudioVersion = 10.0.40219.1
Project("{FAE04EC0-301F-11D3-BF4B-00C04F79EFBC}") = "Host.App", "Host.App\Host.App.csproj", "{8AAEDE6C-F20C-48FC-AD54-490D7C59B696}"
EndProject
Project("{FAE04EC0-301F-11D3-BF4B-00C04F79EFBC}") = "Plugin.FileWatcher", "Plugin.FileWatcher\Plugin.FileWatcher.csproj", "{5626CE92-F5DF-49B7-A700-943708A2002A}"
EndProject
Project("{FAE04EC0-301F-11D3-BF4B-00C04F79EFBC}") = "Host.Contract", "Host.Contract\Host.Contract.csproj", "{57C4911E-3059-43E9-A07A-E266E100023D}"
EndProject
Project("{2150E333-8FDC-42A3-9474-1A3956D46DE8}") = "Solution Items", "Solution Items", "{CC27A33E-AED8-4FE3-AD41-3E0FCFB8E59C}"
	ProjectSection(SolutionItems) = preProject
		.gitignore = .gitignore
		register-service.bat = register-service.bat
		ToDo.txt = ToDo.txt
		unregister-service.bat = unregister-service.bat
	EndProjectSection
EndProject
Project("{FAE04EC0-301F-11D3-BF4B-00C04F79EFBC}") = "Plugin.HttpServer", "Plugin.HttpServer\Plugin.HttpServer.csproj", "{BCFE58DB-9D1F-4917-8DFA-B42564162A44}"
EndProject
Global
	GlobalSection(SolutionConfigurationPlatforms) = preSolution
		Debug|Any CPU = Debug|Any CPU
		Release|Any CPU = Release|Any CPU
	EndGlobalSection
	GlobalSection(ProjectConfigurationPlatforms) = postSolution
		{8AAEDE6C-F20C-48FC-AD54-490D7C59B696}.Debug|Any CPU.ActiveCfg = Debug|Any CPU
		{8AAEDE6C-F20C-48FC-AD54-490D7C59B696}.Debug|Any CPU.Build.0 = Debug|Any CPU
		{8AAEDE6C-F20C-48FC-AD54-490D7C59B696}.Release|Any CPU.ActiveCfg = Release|Any CPU
		{8AAEDE6C-F20C-48FC-AD54-490D7C59B696}.Release|Any CPU.Build.0 = Release|Any CPU
		{5626CE92-F5DF-49B7-A700-943708A2002A}.Debug|Any CPU.ActiveCfg = Debug|Any CPU
		{5626CE92-F5DF-49B7-A700-943708A2002A}.Debug|Any CPU.Build.0 = Debug|Any CPU
		{5626CE92-F5DF-49B7-A700-943708A2002A}.Release|Any CPU.ActiveCfg = Release|Any CPU
		{5626CE92-F5DF-49B7-A700-943708A2002A}.Release|Any CPU.Build.0 = Release|Any CPU
		{57C4911E-3059-43E9-A07A-E266E100023D}.Debug|Any CPU.ActiveCfg = Debug|Any CPU
		{57C4911E-3059-43E9-A07A-E266E100023D}.Debug|Any CPU.Build.0 = Debug|Any CPU
		{57C4911E-3059-43E9-A07A-E266E100023D}.Release|Any CPU.ActiveCfg = Release|Any CPU
		{57C4911E-3059-43E9-A07A-E266E100023D}.Release|Any CPU.Build.0 = Release|Any CPU
		{BCFE58DB-9D1F-4917-8DFA-B42564162A44}.Debug|Any CPU.ActiveCfg = Debug|Any CPU
		{BCFE58DB-9D1F-4917-8DFA-B42564162A44}.Debug|Any CPU.Build.0 = Debug|Any CPU
		{BCFE58DB-9D1F-4917-8DFA-B42564162A44}.Release|Any CPU.ActiveCfg = Release|Any CPU
		{BCFE58DB-9D1F-4917-8DFA-B42564162A44}.Release|Any CPU.Build.0 = Release|Any CPU
	EndGlobalSection
	GlobalSection(SolutionProperties) = preSolution
		HideSolutionNode = FALSE
	EndGlobalSection
EndGlobal
